Microsoft Visual Studio Solution File, Format Version 12.00
# Visual Studio 2012
Project("{FAE04EC0-301F-11D3-BF4B-00C04F79EFBC}") = "PromoteKeyValueLookupResult", "Src\PromoteKeyValueLookupResult\PromoteKeyValueLookupResult.csproj", "{044C2159-82E6-43AF-8D87-3538DF1AF758}"
EndProject
Project("{FAE04EC0-301F-11D3-BF4B-00C04F79EFBC}") = "UnitTests", "Tests\UnitTests\UnitTests.csproj", "{74E4FE32-872A-11E7-AFE1-61C8FF21A5EE}"
EndProject
Global
	GlobalSection(SolutionConfigurationPlatforms) = preSolution
		Debug|Any CPU = Debug|Any CPU
		Release|Any CPU = Release|Any CPU
	EndGlobalSection
	GlobalSection(ProjectConfigurationPlatforms) = postSolution
		{044C2159-82E6-43AF-8D87-3538DF1AF758}.Debug|Any CPU.ActiveCfg = Debug|Any CPU
		{044C2159-82E6-43AF-8D87-3538DF1AF758}.Debug|Any CPU.Build.0 = Debug|Any CPU
		{044C2159-82E6-43AF-8D87-3538DF1AF758}.Release|Any CPU.ActiveCfg = Release|Any CPU
		{044C2159-82E6-43AF-8D87-3538DF1AF758}.Release|Any CPU.Build.0 = Release|Any CPU
		{74E4FE32-872A-11E7-AFE1-61C8FF21A5EE}.Debug|Any CPU.ActiveCfg = Debug|Any CPU
		{74E4FE32-872A-11E7-AFE1-61C8FF21A5EE}.Debug|Any CPU.Build.0 = Debug|Any CPU
		{74E4FE32-872A-11E7-AFE1-61C8FF21A5EE}.Release|Any CPU.ActiveCfg = Release|Any CPU
		{74E4FE32-872A-11E7-AFE1-61C8FF21A5EE}.Release|Any CPU.Build.0 = Release|Any CPU
	EndGlobalSection
	GlobalSection(SolutionProperties) = preSolution
		HideSolutionNode = FALSE
	EndGlobalSection
EndGlobal
